Microsoft Visual Studio Solution File, Format Version 12.00
# Visual Studio Version 17
VisualStudioVersion = 17.5.2.0
MinimumVisualStudioVersion = 10.0.40219.1
Project("{FAE04EC0-301F-11D3-BF4B-00C04F79EFBC}") = "FeatGen.DesktopApp", "FeatGen.DesktopApp\FeatGen.DesktopApp.csproj", "{D632A8C1-4E2C-36C6-A5CF-63432BA023AB}"
EndProject
Project("{FAE04EC0-301F-11D3-BF4B-00C04F79EFBC}") = "FeatGen.CodingAgent", "FeatGen.CodingAgent\FeatGen.CodingAgent.csproj", "{2411015C-0138-6353-0999-614F2781B3F2}"
EndProject
Project("{FAE04EC0-301F-11D3-BF4B-00C04F79EFBC}") = "FeatGen.DataModels", "FeatGen.DataModels\FeatGen.DataModels.csproj", "{855DD3BA-5FF1-80E2-B331-B8D7AA4A9F4C}"
EndProject
Project("{FAE04EC0-301F-11D3-BF4B-00C04F79EFBC}") = "FeatGen.CodingAgent.Utils", "FeatGen.CodingAgent.Utils\FeatGen.CodingAgent.Utils.csproj", "{7F0B67C6-020F-44F6-8D4D-3D55455495C5}"
EndProject
Global
	GlobalSection(SolutionConfigurationPlatforms) = preSolution
		Debug|Any CPU = Debug|Any CPU
		Release|Any CPU = Release|Any CPU
	EndGlobalSection
	GlobalSection(ProjectConfigurationPlatforms) = postSolution
		{D632A8C1-4E2C-36C6-A5CF-63432BA023AB}.Debug|Any CPU.ActiveCfg = Debug|Any CPU
		{D632A8C1-4E2C-36C6-A5CF-63432BA023AB}.Debug|Any CPU.Build.0 = Debug|Any CPU
		{D632A8C1-4E2C-36C6-A5CF-63432BA023AB}.Release|Any CPU.ActiveCfg = Release|Any CPU
		{D632A8C1-4E2C-36C6-A5CF-63432BA023AB}.Release|Any CPU.Build.0 = Release|Any CPU
		{2411015C-0138-6353-0999-614F2781B3F2}.Debug|Any CPU.ActiveCfg = Debug|Any CPU
		{2411015C-0138-6353-0999-614F2781B3F2}.Debug|Any CPU.Build.0 = Debug|Any CPU
		{2411015C-0138-6353-0999-614F2781B3F2}.Release|Any CPU.ActiveCfg = Release|Any CPU
		{2411015C-0138-6353-0999-614F2781B3F2}.Release|Any CPU.Build.0 = Release|Any CPU
		{855DD3BA-5FF1-80E2-B331-B8D7AA4A9F4C}.Debug|Any CPU.ActiveCfg = Debug|Any CPU
		{855DD3BA-5FF1-80E2-B331-B8D7AA4A9F4C}.Debug|Any CPU.Build.0 = Debug|Any CPU
		{855DD3BA-5FF1-80E2-B331-B8D7AA4A9F4C}.Release|Any CPU.ActiveCfg = Release|Any CPU
		{855DD3BA-5FF1-80E2-B331-B8D7AA4A9F4C}.Release|Any CPU.Build.0 = Release|Any CPU
		{7F0B67C6-020F-44F6-8D4D-3D55455495C5}.Debug|Any CPU.ActiveCfg = Debug|Any CPU
		{7F0B67C6-020F-44F6-8D4D-3D55455495C5}.Debug|Any CPU.Build.0 = Debug|Any CPU
		{7F0B67C6-020F-44F6-8D4D-3D55455495C5}.Release|Any CPU.ActiveCfg = Release|Any CPU
		{7F0B67C6-020F-44F6-8D4D-3D55455495C5}.Release|Any CPU.Build.0 = Release|Any CPU
	EndGlobalSection
	GlobalSection(SolutionProperties) = preSolution
		HideSolutionNode = FALSE
	EndGlobalSection
	GlobalSection(ExtensibilityGlobals) = postSolution
		SolutionGuid = {63E910DB-725C-4162-A509-6BE030E9B900}
	EndGlobalSection
EndGlobal
