Microsoft Visual Studio Solution File, Format Version 12.00
# Visual Studio Version 17
VisualStudioVersion = 17.5.2.0
MinimumVisualStudioVersion = 10.0.40219.1
Project("{FAE04EC0-301F-11D3-BF4B-00C04F79EFBC}") = "KnowledgeBase.Server", "KnowledgeBase.Server\KnowledgeBase.Server.csproj", "{238126A3-38B5-7292-9C4E-72611C38D361}"
EndProject
Project("{FAE04EC0-301F-11D3-BF4B-00C04F79EFBC}") = "KnowledgeBase.Client", "KnowledgeBase.Client\KnowledgeBase.Client.csproj", "{D3D5FBC0-F0C0-B4B9-1EF6-DBB9F08D2A69}"
EndProject
Project("{FAE04EC0-301F-11D3-BF4B-00C04F79EFBC}") = "KnowledgeBase.ReportGenerator", "KnowledgeBase.DocGenerator\KnowledgeBase.ReportGenerator.csproj", "{F2B5C33C-D56B-47CD-8384-DB35F9641DBF}"
EndProject
Project("{FAE04EC0-301F-11D3-BF4B-00C04F79EFBC}") = "KnowledgeBase.OpenAI", "KnowledgeBase.OpenAI\KnowledgeBase.OpenAI.csproj", "{551BA1DF-717B-4352-AA85-7B7AB0DBA223}"
EndProject
Project("{2150E333-8FDC-42A3-9474-1A3956D46DE8}") = "Modules", "Modules", "{02EA681E-C7D8-13C7-8484-4AC65E1B71E8}"
EndProject
Project("{FAE04EC0-301F-11D3-BF4B-00C04F79EFBC}") = "KnowledgeBase.Aspire", "KnowledgeBase.Aspire\KnowledgeBase.Aspire.csproj", "{7EC454F3-7400-4F06-B462-28378CA6294B}"
EndProject
Project("{2150E333-8FDC-42A3-9474-1A3956D46DE8}") = "Deploy", "Deploy", "{E2CFD8A6-EACA-4863-B205-F6494583FB7B}"
EndProject
Project("{FAE04EC0-301F-11D3-BF4B-00C04F79EFBC}") = "KnowledgeBase.ServiceDefaults", "KnowledgeBase.ServiceDefaults\KnowledgeBase.ServiceDefaults.csproj", "{B0429BF7-A9D0-4DAD-98F1-C07EC719CAA8}"
EndProject
Project("{FAE04EC0-301F-11D3-BF4B-00C04F79EFBC}") = "KnowledgeBase.DataModels", "KnowledgeBase.DataModels\KnowledgeBase.DataModels.csproj", "{DAE61BB6-0657-5B4B-65DC-2BAC28C243AF}"
EndProject
Project("{FAE04EC0-301F-11D3-BF4B-00C04F79EFBC}") = "KnowledgeBase.FeatureFlag", "KnowledgeBase.FeatureFlag\KnowledgeBase.FeatureFlag.csproj", "{06FAF74E-E9FF-4020-A86D-720F7F6555F6}"
EndProject
Project("{2150E333-8FDC-42A3-9474-1A3956D46DE8}") = "Agent", "Agent", "{85D22485-3CDC-4BA3-85D9-73742FB00A61}"
EndProject
Project("{FAE04EC0-301F-11D3-BF4B-00C04F79EFBC}") = "KnowledgeBase.CodingAgent", "KnowledgeBase.CodingAgent\KnowledgeBase.CodingAgent.csproj", "{5D0D1902-DDEA-5C79-C9F5-C24CF9962921}"
EndProject
Project("{FAE04EC0-301F-11D3-BF4B-00C04F79EFBC}") = "KnowledgeBase.DesktopApp", "KnowledgeBase.DesktopApp\KnowledgeBase.DesktopApp.csproj", "{E4E8D1A9-91EF-463B-B34A-661AB6F78B92}"
EndProject
Global
	GlobalSection(SolutionConfigurationPlatforms) = preSolution
		Debug|Any CPU = Debug|Any CPU
		Release|Any CPU = Release|Any CPU
	EndGlobalSection
	GlobalSection(ProjectConfigurationPlatforms) = postSolution
		{238126A3-38B5-7292-9C4E-72611C38D361}.Debug|Any CPU.ActiveCfg = Debug|Any CPU
		{238126A3-38B5-7292-9C4E-72611C38D361}.Debug|Any CPU.Build.0 = Debug|Any CPU
		{238126A3-38B5-7292-9C4E-72611C38D361}.Release|Any CPU.ActiveCfg = Release|Any CPU
		{238126A3-38B5-7292-9C4E-72611C38D361}.Release|Any CPU.Build.0 = Release|Any CPU
		{D3D5FBC0-F0C0-B4B9-1EF6-DBB9F08D2A69}.Debug|Any CPU.ActiveCfg = Debug|Any CPU
		{D3D5FBC0-F0C0-B4B9-1EF6-DBB9F08D2A69}.Debug|Any CPU.Build.0 = Debug|Any CPU
		{D3D5FBC0-F0C0-B4B9-1EF6-DBB9F08D2A69}.Release|Any CPU.ActiveCfg = Release|Any CPU
		{D3D5FBC0-F0C0-B4B9-1EF6-DBB9F08D2A69}.Release|Any CPU.Build.0 = Release|Any CPU
		{F2B5C33C-D56B-47CD-8384-DB35F9641DBF}.Debug|Any CPU.ActiveCfg = Debug|Any CPU
		{F2B5C33C-D56B-47CD-8384-DB35F9641DBF}.Debug|Any CPU.Build.0 = Debug|Any CPU
		{F2B5C33C-D56B-47CD-8384-DB35F9641DBF}.Release|Any CPU.ActiveCfg = Release|Any CPU
		{F2B5C33C-D56B-47CD-8384-DB35F9641DBF}.Release|Any CPU.Build.0 = Release|Any CPU
		{551BA1DF-717B-4352-AA85-7B7AB0DBA223}.Debug|Any CPU.ActiveCfg = Debug|Any CPU
		{551BA1DF-717B-4352-AA85-7B7AB0DBA223}.Debug|Any CPU.Build.0 = Debug|Any CPU
		{551BA1DF-717B-4352-AA85-7B7AB0DBA223}.Release|Any CPU.ActiveCfg = Release|Any CPU
		{551BA1DF-717B-4352-AA85-7B7AB0DBA223}.Release|Any CPU.Build.0 = Release|Any CPU
		{7EC454F3-7400-4F06-B462-28378CA6294B}.Debug|Any CPU.ActiveCfg = Debug|Any CPU
		{7EC454F3-7400-4F06-B462-28378CA6294B}.Debug|Any CPU.Build.0 = Debug|Any CPU
		{7EC454F3-7400-4F06-B462-28378CA6294B}.Release|Any CPU.ActiveCfg = Release|Any CPU
		{7EC454F3-7400-4F06-B462-28378CA6294B}.Release|Any CPU.Build.0 = Release|Any CPU
		{B0429BF7-A9D0-4DAD-98F1-C07EC719CAA8}.Debug|Any CPU.ActiveCfg = Debug|Any CPU
		{B0429BF7-A9D0-4DAD-98F1-C07EC719CAA8}.Debug|Any CPU.Build.0 = Debug|Any CPU
		{B0429BF7-A9D0-4DAD-98F1-C07EC719CAA8}.Release|Any CPU.ActiveCfg = Release|Any CPU
		{B0429BF7-A9D0-4DAD-98F1-C07EC719CAA8}.Release|Any CPU.Build.0 = Release|Any CPU
		{DAE61BB6-0657-5B4B-65DC-2BAC28C243AF}.Debug|Any CPU.ActiveCfg = Debug|Any CPU
		{DAE61BB6-0657-5B4B-65DC-2BAC28C243AF}.Debug|Any CPU.Build.0 = Debug|Any CPU
		{DAE61BB6-0657-5B4B-65DC-2BAC28C243AF}.Release|Any CPU.ActiveCfg = Release|Any CPU
		{DAE61BB6-0657-5B4B-65DC-2BAC28C243AF}.Release|Any CPU.Build.0 = Release|Any CPU
		{06FAF74E-E9FF-4020-A86D-720F7F6555F6}.Debug|Any CPU.ActiveCfg = Debug|Any CPU
		{06FAF74E-E9FF-4020-A86D-720F7F6555F6}.Debug|Any CPU.Build.0 = Debug|Any CPU
		{06FAF74E-E9FF-4020-A86D-720F7F6555F6}.Release|Any CPU.ActiveCfg = Release|Any CPU
		{06FAF74E-E9FF-4020-A86D-720F7F6555F6}.Release|Any CPU.Build.0 = Release|Any CPU
		{5D0D1902-DDEA-5C79-C9F5-C24CF9962921}.Debug|Any CPU.ActiveCfg = Debug|Any CPU
		{5D0D1902-DDEA-5C79-C9F5-C24CF9962921}.Debug|Any CPU.Build.0 = Debug|Any CPU
		{5D0D1902-DDEA-5C79-C9F5-C24CF9962921}.Release|Any CPU.ActiveCfg = Release|Any CPU
		{5D0D1902-DDEA-5C79-C9F5-C24CF9962921}.Release|Any CPU.Build.0 = Release|Any CPU
		{E4E8D1A9-91EF-463B-B34A-661AB6F78B92}.Debug|Any CPU.ActiveCfg = Debug|Any CPU
		{E4E8D1A9-91EF-463B-B34A-661AB6F78B92}.Debug|Any CPU.Build.0 = Debug|Any CPU
		{E4E8D1A9-91EF-463B-B34A-661AB6F78B92}.Release|Any CPU.ActiveCfg = Release|Any CPU
		{E4E8D1A9-91EF-463B-B34A-661AB6F78B92}.Release|Any CPU.Build.0 = Release|Any CPU
	EndGlobalSection
	GlobalSection(SolutionProperties) = preSolution
		HideSolutionNode = FALSE
	EndGlobalSection
	GlobalSection(NestedProjects) = preSolution
		{F2B5C33C-D56B-47CD-8384-DB35F9641DBF} = {02EA681E-C7D8-13C7-8484-4AC65E1B71E8}
		{551BA1DF-717B-4352-AA85-7B7AB0DBA223} = {02EA681E-C7D8-13C7-8484-4AC65E1B71E8}
		{7EC454F3-7400-4F06-B462-28378CA6294B} = {E2CFD8A6-EACA-4863-B205-F6494583FB7B}
		{B0429BF7-A9D0-4DAD-98F1-C07EC719CAA8} = {E2CFD8A6-EACA-4863-B205-F6494583FB7B}
		{DAE61BB6-0657-5B4B-65DC-2BAC28C243AF} = {02EA681E-C7D8-13C7-8484-4AC65E1B71E8}
		{06FAF74E-E9FF-4020-A86D-720F7F6555F6} = {02EA681E-C7D8-13C7-8484-4AC65E1B71E8}
		{5D0D1902-DDEA-5C79-C9F5-C24CF9962921} = {85D22485-3CDC-4BA3-85D9-73742FB00A61}
		{E4E8D1A9-91EF-463B-B34A-661AB6F78B92} = {85D22485-3CDC-4BA3-85D9-73742FB00A61}
	EndGlobalSection
	GlobalSection(ExtensibilityGlobals) = postSolution
		SolutionGuid = {63E910DB-725C-4162-A509-6BE030E9B900}
	EndGlobalSection
EndGlobal
