Microsoft Visual Studio Solution File, Format Version 12.00
# Visual Studio Version 17
VisualStudioVersion = 17.5.2.0
MinimumVisualStudioVersion = 10.0.40219.1
Project("{2150E333-8FDC-42A3-9474-1A3956D46DE8}") = "ArticleCollector", "ArticleCollector", "{B3985FB5-8FE5-4CA9-B98A-CC9C6E5ECF52}"
EndProject
Project("{FAE04EC0-301F-11D3-BF4B-00C04F79EFBC}") = "ArticleCollector", "ArticleCollector\ArticleCollector\ArticleCollector.csproj", "{66C673FA-3106-94E9-6488-E4290CB06441}"
EndProject
Project("{FAE04EC0-301F-11D3-BF4B-00C04F79EFBC}") = "PostgreSqler", "PostgreSqler\PostgreSqler.csproj", "{E8C43ED5-40DC-4577-B82F-1738C462631D}"
EndProject
Project("{2150E333-8FDC-42A3-9474-1A3956D46DE8}") = "Solution Items", "Solution Items", "{0CCD8400-EC01-4B49-8D56-F93CF08E26AA}"
	ProjectSection(SolutionItems) = preProject
		.editorconfig = .editorconfig
	EndProjectSection
EndProject
Project("{FAE04EC0-301F-11D3-BF4B-00C04F79EFBC}") = "KnowledgeBaseAPIs", "KnowledgeBaseAPIs\KnowledgeBaseAPIs.csproj", "{D3481007-24DF-4758-8DE3-056B98CE269C}"
EndProject
Project("{FAE04EC0-301F-11D3-BF4B-00C04F79EFBC}") = "KnowledgeBase.BlazorWebApp", "KnowledgeBase.BlazorWebApp\KnowledgeBase.BlazorWebApp\KnowledgeBase.BlazorWebApp.csproj", "{F79ABFD6-9462-40D2-80C2-86B6AB8EE589}"
EndProject
Project("{FAE04EC0-301F-11D3-BF4B-00C04F79EFBC}") = "KnowledgeBase.BlazorWebApp.Client", "KnowledgeBase.BlazorWebApp\KnowledgeBase.BlazorWebApp.Client\KnowledgeBase.BlazorWebApp.Client.csproj", "{D1996EBA-FDB1-46C5-A0A7-AA0989D6ED10}"
EndProject
Global
	GlobalSection(SolutionConfigurationPlatforms) = preSolution
		Debug|Any CPU = Debug|Any CPU
		Release|Any CPU = Release|Any CPU
	EndGlobalSection
	GlobalSection(ProjectConfigurationPlatforms) = postSolution
		{66C673FA-3106-94E9-6488-E4290CB06441}.Debug|Any CPU.ActiveCfg = Debug|Any CPU
		{66C673FA-3106-94E9-6488-E4290CB06441}.Debug|Any CPU.Build.0 = Debug|Any CPU
		{66C673FA-3106-94E9-6488-E4290CB06441}.Release|Any CPU.ActiveCfg = Release|Any CPU
		{66C673FA-3106-94E9-6488-E4290CB06441}.Release|Any CPU.Build.0 = Release|Any CPU
		{E8C43ED5-40DC-4577-B82F-1738C462631D}.Debug|Any CPU.ActiveCfg = Debug|Any CPU
		{E8C43ED5-40DC-4577-B82F-1738C462631D}.Debug|Any CPU.Build.0 = Debug|Any CPU
		{E8C43ED5-40DC-4577-B82F-1738C462631D}.Release|Any CPU.ActiveCfg = Release|Any CPU
		{E8C43ED5-40DC-4577-B82F-1738C462631D}.Release|Any CPU.Build.0 = Release|Any CPU
		{D3481007-24DF-4758-8DE3-056B98CE269C}.Debug|Any CPU.ActiveCfg = Debug|Any CPU
		{D3481007-24DF-4758-8DE3-056B98CE269C}.Debug|Any CPU.Build.0 = Debug|Any CPU
		{D3481007-24DF-4758-8DE3-056B98CE269C}.Release|Any CPU.ActiveCfg = Release|Any CPU
		{D3481007-24DF-4758-8DE3-056B98CE269C}.Release|Any CPU.Build.0 = Release|Any CPU
		{F79ABFD6-9462-40D2-80C2-86B6AB8EE589}.Debug|Any CPU.ActiveCfg = Debug|Any CPU
		{F79ABFD6-9462-40D2-80C2-86B6AB8EE589}.Debug|Any CPU.Build.0 = Debug|Any CPU
		{F79ABFD6-9462-40D2-80C2-86B6AB8EE589}.Release|Any CPU.ActiveCfg = Release|Any CPU
		{F79ABFD6-9462-40D2-80C2-86B6AB8EE589}.Release|Any CPU.Build.0 = Release|Any CPU
		{D1996EBA-FDB1-46C5-A0A7-AA0989D6ED10}.Debug|Any CPU.ActiveCfg = Debug|Any CPU
		{D1996EBA-FDB1-46C5-A0A7-AA0989D6ED10}.Debug|Any CPU.Build.0 = Debug|Any CPU
		{D1996EBA-FDB1-46C5-A0A7-AA0989D6ED10}.Release|Any CPU.ActiveCfg = Release|Any CPU
		{D1996EBA-FDB1-46C5-A0A7-AA0989D6ED10}.Release|Any CPU.Build.0 = Release|Any CPU
	EndGlobalSection
	GlobalSection(SolutionProperties) = preSolution
		HideSolutionNode = FALSE
	EndGlobalSection
	GlobalSection(NestedProjects) = preSolution
		{66C673FA-3106-94E9-6488-E4290CB06441} = {B3985FB5-8FE5-4CA9-B98A-CC9C6E5ECF52}
		{E8C43ED5-40DC-4577-B82F-1738C462631D} = {B3985FB5-8FE5-4CA9-B98A-CC9C6E5ECF52}
	EndGlobalSection
	GlobalSection(ExtensibilityGlobals) = postSolution
		SolutionGuid = {2B1A1BFE-3981-450F-B6FE-9498BD54319E}
	EndGlobalSection
EndGlobal
