Microsoft Visual Studio Solution File, Format Version 12.00
# Visual Studio Version 17
VisualStudioVersion = 17.5.2.0
MinimumVisualStudioVersion = 10.0.40219.1
Project("{FAE04EC0-301F-11D3-BF4B-00C04F79EFBC}") = "KnowledgeBase.BlazorWebApp", "KnowledgeBase.BlazorWebApp\KnowledgeBase.BlazorWebApp.csproj", "{238126A3-38B5-7292-9C4E-72611C38D361}"
EndProject
Project("{FAE04EC0-301F-11D3-BF4B-00C04F79EFBC}") = "KnowledgeBase.BlazorWebApp.Client", "KnowledgeBase.BlazorWebApp.Client\KnowledgeBase.BlazorWebApp.Client.csproj", "{D3D5FBC0-F0C0-B4B9-1EF6-DBB9F08D2A69}"
EndProject
Global
	GlobalSection(SolutionConfigurationPlatforms) = preSolution
		Debug|Any CPU = Debug|Any CPU
		Release|Any CPU = Release|Any CPU
	EndGlobalSection
	GlobalSection(ProjectConfigurationPlatforms) = postSolution
		{238126A3-38B5-7292-9C4E-72611C38D361}.Debug|Any CPU.ActiveCfg = Debug|Any CPU
		{238126A3-38B5-7292-9C4E-72611C38D361}.Debug|Any CPU.Build.0 = Debug|Any CPU
		{238126A3-38B5-7292-9C4E-72611C38D361}.Release|Any CPU.ActiveCfg = Release|Any CPU
		{238126A3-38B5-7292-9C4E-72611C38D361}.Release|Any CPU.Build.0 = Release|Any CPU
		{D3D5FBC0-F0C0-B4B9-1EF6-DBB9F08D2A69}.Debug|Any CPU.ActiveCfg = Debug|Any CPU
		{D3D5FBC0-F0C0-B4B9-1EF6-DBB9F08D2A69}.Debug|Any CPU.Build.0 = Debug|Any CPU
		{D3D5FBC0-F0C0-B4B9-1EF6-DBB9F08D2A69}.Release|Any CPU.ActiveCfg = Release|Any CPU
		{D3D5FBC0-F0C0-B4B9-1EF6-DBB9F08D2A69}.Release|Any CPU.Build.0 = Release|Any CPU
	EndGlobalSection
	GlobalSection(SolutionProperties) = preSolution
		HideSolutionNode = FALSE
	EndGlobalSection
	GlobalSection(ExtensibilityGlobals) = postSolution
		SolutionGuid = {63E910DB-725C-4162-A509-6BE030E9B900}
	EndGlobalSection
EndGlobal
